// !$*UTF8*$!
{
	archiveVersion = 1;
	classes = {
	};
	objectVersion = 48;
	objects = {

/* Begin PBXBuildFile section */
		610BD776209A29FB00704475 /* AppDelegate.swift in Sources */ = {isa = PBXBuildFile; fileRef = 610BD775209A29FB00704475 /* AppDelegate.swift */; };
		610BD778209A29FB00704475 /* art.scnassets in Resources */ = {isa = PBXBuildFile; fileRef = 610BD777209A29FB00704475 /* art.scnassets */; };
		610BD77A209A29FB00704475 /* ViewController.swift in Sources */ = {isa = PBXBuildFile; fileRef = 610BD779209A29FB00704475 /* ViewController.swift */; };
		610BD77D209A29FB00704475 /* Main.storyboard in Resources */ = {isa = PBXBuildFile; fileRef = 610BD77B209A29FB00704475 /* Main.storyboard */; };
		610BD77F209A29FB00704475 /* Assets.xcassets in Resources */ = {isa = PBXBuildFile; fileRef = 610BD77E209A29FB00704475 /* Assets.xcassets */; };
		610BD782209A29FB00704475 /* LaunchScreen.storyboard in Resources */ = {isa = PBXBuildFile; fileRef = 610BD780209A29FB00704475 /* LaunchScreen.storyboard */; };
		61E4FB7E209A809B00A40ED5 /* Grid.swift in Sources */ = {isa = PBXBuildFile; fileRef = 61E4FB7D209A809B00A40ED5 /* Grid.swift */; };
/* End PBXBuildFile section */

/* Begin PBXFileReference section */
		610BD772209A29FB00704475 /* NextReality_Tutorial2.app */ = {isa = PBXFileReference; explicitFileType = wrapper.application; includeInIndex = 0; path = NextReality_Tutorial2.app; sourceTree = BUILT_PRODUCTS_DIR; };
		610BD775209A29FB00704475 /* AppDelegate.swift */ = {isa = PBXFileReference; lastKnownFileType = sourcecode.swift; path = AppDelegate.swift; sourceTree = "<group>"; };
		610BD777209A29FB00704475 /* art.scnassets */ = {isa = PBXFileReference; lastKnownFileType = wrapper.scnassets; path = art.scnassets; sourceTree = "<group>"; };
		610BD779209A29FB00704475 /* ViewController.swift */ = {isa = PBXFileReference; lastKnownFileType = sourcecode.swift; path = ViewController.swift; sourceTree = "<group>"; };
		610BD77C209A29FB00704475 /* Base */ = {isa = PBXFileReference; lastKnownFileType = file.storyboard; name = Base; path = Base.lproj/Main.storyboard; sourceTree = "<group>"; };
		610BD77E209A29FB00704475 /* Assets.xcassets */ = {isa = PBXFileReference; lastKnownFileType = folder.assetcatalog; path = Assets.xcassets; sourceTree = "<group>"; };
		610BD781209A29FB00704475 /* Base */ = {isa = PBXFileReference; lastKnownFileType = file.storyboard; name = Base; path = Base.lproj/LaunchScreen.storyboard; sourceTree = "<group>"; };
		610BD783209A29FB00704475 /* Info.plist */ = {isa = PBXFileReference; lastKnownFileType = text.plist.xml; path = Info.plist; sourceTree = "<group>"; };
		61E4FB7D209A809B00A40ED5 /* Grid.swift */ = {isa = PBXFileReference; lastKnownFileType = sourcecode.swift; path = Grid.swift; sourceTree = "<group>"; };
/* End PBXFileReference section */

/* Begin PBXFrameworksBuildPhase section */
		610BD76F209A29FB00704475 /* Frameworks */ = {
			isa = PBXFrameworksBuildPhase;
			buildActionMask = 2147483647;
			files = (
			);
			runOnlyForDeploymentPostprocessing = 0;
		};
/* End PBXFrameworksBuildPhase section */

/* Begin PBXGroup section */
		610BD769209A29FB00704475 = {
			isa = PBXGroup;
			children = (
				610BD774209A29FB00704475 /* NextReality_Tutorial2 */,
				610BD773209A29FB00704475 /* Products */,
			);
			sourceTree = "<group>";
		};
		610BD773209A29FB00704475 /* Products */ = {
			isa = PBXGroup;
			children = (
				610BD772209A29FB00704475 /* NextReality_Tutorial2.app */,
			);
			name = Products;
			sourceTree = "<group>";
		};
		610BD774209A29FB00704475 /* NextReality_Tutorial2 */ = {
			isa = PBXGroup;
			children = (
				610BD775209A29FB00704475 /* AppDelegate.swift */,
				610BD777209A29FB00704475 /* art.scnassets */,
				610BD779209A29FB00704475 /* ViewController.swift */,
				610BD77B209A29FB00704475 /* Main.storyboard */,
				610BD77E209A29FB00704475 /* Assets.xcassets */,
				610BD780209A29FB00704475 /* LaunchScreen.storyboard */,
				610BD783209A29FB00704475 /* Info.plist */,
				61E4FB7D209A809B00A40ED5 /* Grid.swift */,
			);
			path = NextReality_Tutorial2;
			sourceTree = "<group>";
		};
/* End PBXGroup section */

/* Begin PBXNativeTarget section */
		610BD771209A29FB00704475 /* NextReality_Tutorial2 */ = {
			isa = PBXNativeTarget;
			buildConfigurationList = 610BD786209A29FB00704475 /* Build configuration list for PBXNativeTarget "NextReality_Tutorial2" */;
			buildPhases = (
				610BD76E209A29FB00704475 /* Sources */,
				610BD76F209A29FB00704475 /* Frameworks */,
				610BD770209A29FB00704475 /* Resources */,
			);
			buildRules = (
			);
			dependencies = (
			);
			name = NextReality_Tutorial2;
			productName = NextReality_Tutorial2;
			productReference = 610BD772209A29FB00704475 /* NextReality_Tutorial2.app */;
			productType = "com.apple.product-type.application";
		};
/* End PBXNativeTarget section */

/* Begin PBXProject section */
		610BD76A209A29FB00704475 /* Project object */ = {
			isa = PBXProject;
			attributes = {
				LastSwiftUpdateCheck = 0920;
				LastUpgradeCheck = 0920;
				ORGANIZATIONNAME = "Next Reality";
				TargetAttributes = {
					610BD771209A29FB00704475 = {
						CreatedOnToolsVersion = 9.2;
						ProvisioningStyle = Automatic;
					};
				};
			};
			buildConfigurationList = 610BD76D209A29FB00704475 /* Build configuration list for PBXProject "NextReality_Tutorial2" */;
			compatibilityVersion = "Xcode 8.0";
			developmentRegion = en;
			hasScannedForEncodings = 0;
			knownRegions = (
				en,
				Base,
			);
			mainGroup = 610BD769209A29FB00704475;
			productRefGroup = 610BD773209A29FB00704475 /* Products */;
			projectDirPath = "";
			projectRoot = "";
			targets = (
				610BD771209A29FB00704475 /* NextReality_Tutorial2 */,
			);
		};
/* End PBXProject section */

/* Begin PBXResourcesBuildPhase section */
		610BD770209A29FB00704475 /* Resources */ = {
			isa = PBXResourcesBuildPhase;
			buildActionMask = 2147483647;
			files = (
				610BD778209A29FB00704475 /* art.scnassets in Resources */,
				610BD782209A29FB00704475 /* LaunchScreen.storyboard in Resources */,
				610BD77F209A29FB00704475 /* Assets.xcassets in Resources */,
				610BD77D209A29FB00704475 /* Main.storyboard in Resources */,
			);
			runOnlyForDeploymentPostprocessing = 0;
		};
/* End PBXResourcesBuildPhase section */

/* Begin PBXSourcesBuildPhase section */
		610BD76E209A29FB00704475 /* Sources */ = {
			isa = PBXSourcesBuildPhase;
			buildActionMask = 2147483647;
			files = (
				610BD77A209A29FB00704475 /* ViewController.swift in Sources */,
				61E4FB7E209A809B00A40ED5 /* Grid.swift in Sources */,
				610BD776209A29FB00704475 /* AppDelegate.swift in Sources */,
			);
			runOnlyForDeploymentPostprocessing = 0;
		};
/* End PBXSourcesBuildPhase section */

/* Begin PBXVariantGroup section */
		610BD77B209A29FB00704475 /* Main.storyboard */ = {
			isa = PBXVariantGroup;
			children = (
				610BD77C209A29FB00704475 /* Base */,
			);
			name = Main.storyboard;
			sourceTree = "<group>";
		};
		610BD780209A29FB00704475 /* LaunchScreen.storyboard */ = {
			isa = PBXVariantGroup;
			children = (
				610BD781209A29FB00704475 /* Base */,
			);
			name = LaunchScreen.storyboard;
			sourceTree = "<group>";
		};
/* End PBXVariantGroup section */

/* Begin XCBuildConfiguration section */
		610BD784209A29FB00704475 /* Debug */ = {
			isa = XCBuildConfiguration;
			buildSettings = {
				ALWAYS_SEARCH_USER_PATHS = NO;
				CLANG_ANALYZER_NONNULL = YES;
				CLANG_ANALYZER_NUMBER_OBJECT_CONVERSION = YES_AGGRESSIVE;
				CLANG_CXX_LANGUAGE_STANDARD = "gnu++14";
				CLANG_CXX_LIBRARY = "libc++";
				CLANG_ENABLE_MODULES = YES;
				CLANG_ENABLE_OBJC_ARC = YES;
				CLANG_WARN_BLOCK_CAPTURE_AUTORELEASING = YES;
				CLANG_WARN_BOOL_CONVERSION = YES;
				CLANG_WARN_COMMA = YES;
				CLANG_WARN_CONSTANT_CONVERSION = YES;
				CLANG_WARN_DIRECT_OBJC_ISA_USAGE = YES_ERROR;
				CLANG_WARN_DOCUMENTATION_COMMENTS = YES;
				CLANG_WARN_EMPTY_BODY = YES;
				CLANG_WARN_ENUM_CONVERSION = YES;
				CLANG_WARN_INFINITE_RECURSION = YES;
				CLANG_WARN_INT_CONVERSION = YES;
				CLANG_WARN_NON_LITERAL_NULL_CONVERSION = YES;
				CLANG_WARN_OBJC_LITERAL_CONVERSION = YES;
				CLANG_WARN_OBJC_ROOT_CLASS = YES_ERROR;
				CLANG_WARN_RANGE_LOOP_ANALYSIS = YES;
				CLANG_WARN_STRICT_PROTOTYPES = YES;
				CLANG_WARN_SUSPICIOUS_MOVE = YES;
				CLANG_WARN_UNGUARDED_AVAILABILITY = YES_AGGRESSIVE;
				CLANG_WARN_UNREACHABLE_CODE = YES;
				CLANG_WARN__DUPLICATE_METHOD_MATCH = YES;
				CODE_SIGN_IDENTITY = "iPhone Developer";
				COPY_PHASE_STRIP = NO;
				DEBUG_INFORMATION_FORMAT = dwarf;
				ENABLE_STRICT_OBJC_MSGSEND = YES;
				ENABLE_TESTABILITY = YES;
				GCC_C_LANGUAGE_STANDARD = gnu11;
				GCC_DYNAMIC_NO_PIC = NO;
				GCC_NO_COMMON_BLOCKS = YES;
				GCC_OPTIMIZATION_LEVEL = 0;
				GCC_PREPROCESSOR_DEFINITIONS = (
					"DEBUG=1",
					"$(inherited)",
				);
				GCC_WARN_64_TO_32_BIT_CONVERSION = YES;
				GCC_WARN_ABOUT_RETURN_TYPE = YES_ERROR;
				GCC_WARN_UNDECLARED_SELECTOR = YES;
				GCC_WARN_UNINITIALIZED_AUTOS = YES_AGGRESSIVE;
				GCC_WARN_UNUSED_FUNCTION = YES;
				GCC_WARN_UNUSED_VARIABLE = YES;
				IPHONEOS_DEPLOYMENT_TARGET = 11.2;
				MTL_ENABLE_DEBUG_INFO = YES;
				ONLY_ACTIVE_ARCH = YES;
				SDKROOT = iphoneos;
				SWIFT_ACTIVE_COMPILATION_CONDITIONS = DEBUG;
				SWIFT_OPTIMIZATION_LEVEL = "-Onone";
			};
			name = Debug;
		};
		610BD785209A29FB00704475 /* Release */ = {
			isa = XCBuildConfiguration;
			buildSettings = {
				ALWAYS_SEARCH_USER_PATHS = NO;
				CLANG_ANALYZER_NONNULL = YES;
				CLANG_ANALYZER_NUMBER_OBJECT_CONVERSION = YES_AGGRESSIVE;
				CLANG_CXX_LANGUAGE_STANDARD = "gnu++14";
				CLANG_CXX_LIBRARY = "libc++";
				CLANG_ENABLE_MODULES = YES;
				CLANG_ENABLE_OBJC_ARC = YES;
				CLANG_WARN_BLOCK_CAPTURE_AUTORELEASING = YES;
				CLANG_WARN_BOOL_CONVERSION = YES;
				CLANG_WARN_COMMA = YES;
				CLANG_WARN_CONSTANT_CONVERSION = YES;
				CLANG_WARN_DIRECT_OBJC_ISA_USAGE = YES_ERROR;
				CLANG_WARN_DOCUMENTATION_COMMENTS = YES;
				CLANG_WARN_EMPTY_BODY = YES;
				CLANG_WARN_ENUM_CONVERSION = YES;
				CLANG_WARN_INFINITE_RECURSION = YES;
				CLANG_WARN_INT_CONVERSION = YES;
				CLANG_WARN_NON_LITERAL_NULL_CONVERSION = YES;
				CLANG_WARN_OBJC_LITERAL_CONVERSION = YES;
				CLANG_WARN_OBJC_ROOT_CLASS = YES_ERROR;
				CLANG_WARN_RANGE_LOOP_ANALYSIS = YES;
				CLANG_WARN_STRICT_PROTOTYPES = YES;
				CLANG_WARN_SUSPICIOUS_MOVE = YES;
				CLANG_WARN_UNGUARDED_AVAILABILITY = YES_AGGRESSIVE;
				CLANG_WARN_UNREACHABLE_CODE = YES;
				CLANG_WARN__DUPLICATE_METHOD_MATCH = YES;
				CODE_SIGN_IDENTITY = "iPhone Developer";
				COPY_PHASE_STRIP = NO;
				DEBUG_INFORMATION_FORMAT = "dwarf-with-dsym";
				ENABLE_NS_ASSERTIONS = NO;
				ENABLE_STRICT_OBJC_MSGSEND = YES;
				GCC_C_LANGUAGE_STANDARD = gnu11;
				GCC_NO_COMMON_BLOCKS = YES;
				GCC_WARN_64_TO_32_BIT_CONVERSION = YES;
				GCC_WARN_ABOUT_RETURN_TYPE = YES_ERROR;
				GCC_WARN_UNDECLARED_SELECTOR = YES;
				GCC_WARN_UNINITIALIZED_AUTOS = YES_AGGRESSIVE;
				GCC_WARN_UNUSED_FUNCTION = YES;
				GCC_WARN_UNUSED_VARIABLE = YES;
				IPHONEOS_DEPLOYMENT_TARGET = 11.2;
				MTL_ENABLE_DEBUG_INFO = NO;
				SDKROOT = iphoneos;
				SWIFT_OPTIMIZATION_LEVEL = "-Owholemodule";
				VALIDATE_PRODUCT = YES;
			};
			name = Release;
		};
		610BD787209A29FB00704475 /* Debug */ = {
			isa = XCBuildConfiguration;
			buildSettings = {
				ASSETCATALOG_COMPILER_APPICON_NAME = AppIcon;
				CODE_SIGN_STYLE = Automatic;
				DEVELOPMENT_TEAM = 38N77EFLKC;
				INFOPLIST_FILE = NextReality_Tutorial2/Info.plist;
				IPHONEOS_DEPLOYMENT_TARGET = 11.0;
				LD_RUNPATH_SEARCH_PATHS = "$(inherited) @executable_path/Frameworks";
				PRODUCT_BUNDLE_IDENTIFIER = "Next-Reality.NextReality-Tutorial2";
				PRODUCT_NAME = "$(TARGET_NAME)";
				SWIFT_VERSION = 4.0;
				TARGETED_DEVICE_FAMILY = "1,2";
			};
			name = Debug;
		};
		610BD788209A29FB00704475 /* Release */ = {
			isa = XCBuildConfiguration;
			buildSettings = {
				ASSETCATALOG_COMPILER_APPICON_NAME = AppIcon;
				CODE_SIGN_STYLE = Automatic;
				DEVELOPMENT_TEAM = 38N77EFLKC;
				INFOPLIST_FILE = NextReality_Tutorial2/Info.plist;
				IPHONEOS_DEPLOYMENT_TARGET = 11.0;
				LD_RUNPATH_SEARCH_PATHS = "$(inherited) @executable_path/Frameworks";
				PRODUCT_BUNDLE_IDENTIFIER = "Next-Reality.NextReality-Tutorial2";
				PRODUCT_NAME = "$(TARGET_NAME)";
				SWIFT_VERSION = 4.0;
				TARGETED_DEVICE_FAMILY = "1,2";
			};
			name = Release;
		};
/* End XCBuildConfiguration section */

/* Begin XCConfigurationList section */
		610BD76D209A29FB00704475 /* Build configuration list for PBXProject "NextReality_Tutorial2" */ = {
			isa = XCConfigurationList;
			buildConfigurations = (
				610BD784209A29FB00704475 /* Debug */,
				610BD785209A29FB00704475 /* Release */,
			);
			defaultConfigurationIsVisible = 0;
			defaultConfigurationName = Release;
		};
		610BD786209A29FB00704475 /* Build configuration list for PBXNativeTarget "NextReality_Tutorial2" */ = {
			isa = XCConfigurationList;
			buildConfigurations = (
				610BD787209A29FB00704475 /* Debug */,
				610BD788209A29FB00704475 /* Release */,
			);
			defaultConfigurationIsVisible = 0;
			defaultConfigurationName = Release;
		};
/* End XCConfigurationList section */
	};
	rootObject = 610BD76A209A29FB00704475 /* Project object */;
}
